<?xml version="1.0" encoding="utf-8"?>

<Project ToolsVersion="4.0" xmlns="http://schemas.microsoft.com/developer/msbuild/2003">
  <ItemGroup>
    <Filter Include="LayerEffects">
      <UniqueIdentifier>{F5BC435D-288E-7CE3-86C4-637D624BE4DC}</UniqueIdentifier>
    </Filter>
    <Filter Include="LayerEffects\_VFLib">
      <UniqueIdentifier>{70157070-BE0F-B39D-B43B-239D4D1003DC}</UniqueIdentifier>
    </Filter>
    <Filter Include="LayerEffects\Source">
      <UniqueIdentifier>{9BE07CCB-E790-E720-A22B-4D316A7831A6}</UniqueIdentifier>
    </Filter>
    <Filter Include="LayerEffects\Source\gui">
      <UniqueIdentifier>{6A528101-CB43-5817-99C8-E6A0447D1CBB}</UniqueIdentifier>
    </Filter>
    <Filter Include="Juce Library Code">
      <UniqueIdentifier>{8B4D1BAA-6DB4-CAEC-A0FA-271F354D5C61}</UniqueIdentifier>
    </Filter>
  </ItemGroup>
  <ItemGroup>
    <ClCompile Include="..\..\VFLib\modules\vf_concurrent\vf_concurrent.cpp">
      <Filter>LayerEffects\_VFLib</Filter>
    </ClCompile>
    <ClCompile Include="..\..\VFLib\modules\vf_core\vf_core.cpp">
      <Filter>LayerEffects\_VFLib</Filter>
    </ClCompile>
    <ClCompile Include="..\..\VFLib\modules\vf_gui\vf_gui.cpp">
      <Filter>LayerEffects\_VFLib</Filter>
    </ClCompile>
    <ClCompile Include="..\..\VFLib\modules\vf_unfinished\vf_unfinished.cpp">
      <Filter>LayerEffects\_VFLib</Filter>
    </ClCompile>
    <ClCompile Include="..\..\Source\gui\CBackgroundPanel.cpp">
      <Filter>LayerEffects\Source\gui</Filter>
    </ClCompile>
    <ClCompile Include="..\..\Source\gui\CBevelEmbossTab.cpp">
      <Filter>LayerEffects\Source\gui</Filter>
    </ClCompile>
    <ClCompile Include="..\..\Source\gui\CDropShadowTab.cpp">
      <Filter>LayerEffects\Source\gui</Filter>
    </ClCompile>
    <ClCompile Include="..\..\Source\gui\CGradientOverlayTab.cpp">
      <Filter>LayerEffects\Source\gui</Filter>
    </ClCompile>
    <ClCompile Include="..\..\Source\gui\CImageDropTarget.cpp">
      <Filter>LayerEffects\Source\gui</Filter>
    </ClCompile>
    <ClCompile Include="..\..\Source\gui\CLayerGraphicsPreview.cpp">
      <Filter>LayerEffects\Source\gui</Filter>
    </ClCompile>
    <ClCompile Include="..\..\Source\gui\CMainPanel.cpp">
      <Filter>LayerEffects\Source\gui</Filter>
    </ClCompile>
    <ClCompile Include="..\..\Source\gui\CMainWindow.cpp">
      <Filter>LayerEffects\Source\gui</Filter>
    </ClCompile>
    <ClCompile Include="..\..\Source\gui\Controls.cpp">
      <Filter>LayerEffects\Source\gui</Filter>
    </ClCompile>
    <ClCompile Include="..\..\Source\gui\COptionsFillTab.cpp">
      <Filter>LayerEffects\Source\gui</Filter>
    </ClCompile>
    <ClCompile Include="..\..\Source\gui\COptionsGeneralTab.cpp">
      <Filter>LayerEffects\Source\gui</Filter>
    </ClCompile>
    <ClCompile Include="..\..\Source\gui\COptionsPanel.cpp">
      <Filter>LayerEffects\Source\gui</Filter>
    </ClCompile>
    <ClCompile Include="..\..\Source\gui\COptionsTab.cpp">
      <Filter>LayerEffects\Source\gui</Filter>
    </ClCompile>
    <ClCompile Include="..\..\Source\gui\CSolidColourPicker.cpp">
      <Filter>LayerEffects\Source\gui</Filter>
    </ClCompile>
    <ClCompile Include="..\..\Source\gui\CStrokeTab.cpp">
      <Filter>LayerEffects\Source\gui</Filter>
    </ClCompile>
    <ClCompile Include="..\..\Source\gui\CustomLookAndFeel.cpp">
      <Filter>LayerEffects\Source\gui</Filter>
    </ClCompile>
    <ClCompile Include="..\..\Source\gui\MainApp.cpp">
      <Filter>LayerEffects\Source\gui</Filter>
    </ClCompile>
    <ClCompile Include="..\..\Source\gui\Options.cpp">
      <Filter>LayerEffects\Source\gui</Filter>
    </ClCompile>
    <ClCompile Include="..\..\Source\source.cpp">
      <Filter>LayerEffects\Source</Filter>
    </ClCompile>
    <ClCompile Include="..\..\JUCE\modules\juce_audio_basics\juce_audio_basics.cpp">
      <Filter>Juce Library Code</Filter>
    </ClCompile>
    <ClCompile Include="..\..\JUCE\modules\juce_audio_devices\juce_audio_devices.cpp">
      <Filter>Juce Library Code</Filter>
    </ClCompile>
    <ClCompile Include="..\..\JUCE\modules\juce_audio_formats\juce_audio_formats.cpp">
      <Filter>Juce Library Code</Filter>
    </ClCompile>
    <ClCompile Include="..\..\JUCE\modules\juce_core\juce_core.cpp">
      <Filter>Juce Library Code</Filter>
    </ClCompile>
    <ClCompile Include="..\..\JUCE\modules\juce_data_structures\juce_data_structures.cpp">
      <Filter>Juce Library Code</Filter>
    </ClCompile>
    <ClCompile Include="..\..\JUCE\modules\juce_events\juce_events.cpp">
      <Filter>Juce Library Code</Filter>
    </ClCompile>
    <ClCompile Include="..\..\JUCE\modules\juce_graphics\juce_graphics.cpp">
      <Filter>Juce Library Code</Filter>
    </ClCompile>
    <ClCompile Include="..\..\JUCE\modules\juce_gui_basics\juce_gui_basics.cpp">
      <Filter>Juce Library Code</Filter>
    </ClCompile>
    <ClCompile Include="..\..\JUCE\modules\juce_gui_extra\juce_gui_extra.cpp">
      <Filter>Juce Library Code</Filter>
    </ClCompile>
  </ItemGroup>
  <ItemGroup>
    <ClInclude Include="..\..\Source\gui\CBackgroundPanel.h">
      <Filter>LayerEffects\Source\gui</Filter>
    </ClInclude>
    <ClInclude Include="..\..\Source\gui\CBevelEmbossTab.h">
      <Filter>LayerEffects\Source\gui</Filter>
    </ClInclude>
    <ClInclude Include="..\..\Source\gui\CDropShadowTab.h">
      <Filter>LayerEffects\Source\gui</Filter>
    </ClInclude>
    <ClInclude Include="..\..\Source\gui\CGradientOverlayTab.h">
      <Filter>LayerEffects\Source\gui</Filter>
    </ClInclude>
    <ClInclude Include="..\..\Source\gui\CImageDropTarget.h">
      <Filter>LayerEffects\Source\gui</Filter>
    </ClInclude>
    <ClInclude Include="..\..\Source\gui\CLayerGraphicsPreview.h">
      <Filter>LayerEffects\Source\gui</Filter>
    </ClInclude>
    <ClInclude Include="..\..\Source\gui\CMainPanel.h">
      <Filter>LayerEffects\Source\gui</Filter>
    </ClInclude>
    <ClInclude Include="..\..\Source\gui\CMainWindow.h">
      <Filter>LayerEffects\Source\gui</Filter>
    </ClInclude>
    <ClInclude Include="..\..\Source\gui\Controls.h">
      <Filter>LayerEffects\Source\gui</Filter>
    </ClInclude>
    <ClInclude Include="..\..\Source\gui\COptionsFillTab.h">
      <Filter>LayerEffects\Source\gui</Filter>
    </ClInclude>
    <ClInclude Include="..\..\Source\gui\COptionsGeneralTab.h">
      <Filter>LayerEffects\Source\gui</Filter>
    </ClInclude>
    <ClInclude Include="..\..\Source\gui\COptionsPanel.h">
      <Filter>LayerEffects\Source\gui</Filter>
    </ClInclude>
    <ClInclude Include="..\..\Source\gui\COptionsTab.h">
      <Filter>LayerEffects\Source\gui</Filter>
    </ClInclude>
    <ClInclude Include="..\..\Source\gui\CSolidColourPicker.h">
      <Filter>LayerEffects\Source\gui</Filter>
    </ClInclude>
    <ClInclude Include="..\..\Source\gui\CStrokeTab.h">
      <Filter>LayerEffects\Source\gui</Filter>
    </ClInclude>
    <ClInclude Include="..\..\Source\gui\CustomLookAndFeel.h">
      <Filter>LayerEffects\Source\gui</Filter>
    </ClInclude>
    <ClInclude Include="..\..\Source\gui\MainApp.h">
      <Filter>LayerEffects\Source\gui</Filter>
    </ClInclude>
    <ClInclude Include="..\..\Source\gui\Options.h">
      <Filter>LayerEffects\Source\gui</Filter>
    </ClInclude>
    <ClInclude Include="..\Jucer\JuceLibraryCode\AppConfig.h">
      <Filter>Juce Library Code</Filter>
    </ClInclude>
    <ClInclude Include="..\Jucer\JuceLibraryCode\JuceHeader.h">
      <Filter>Juce Library Code</Filter>
    </ClInclude>
  </ItemGroup>
  <ItemGroup>
    <ResourceCompile Include=".\resources.rc">
      <Filter>Juce Library Code</Filter>
    </ResourceCompile>
  </ItemGroup>
</Project>
