// !$*UTF8*$!
{
	archiveVersion = 1;
	classes = {
	};
	objectVersion = 46;
	objects = {

/* Begin PBXBuildFile section */
		2E08D9C31549EF2E006A6931 /* Cocoa.framework in Frameworks */ = {isa = PBXBuildFile; fileRef = 2E08D9C21549EF2E006A6931 /* Cocoa.framework */; };
		2E08D9E61549F0C6006A6931 /* vf_audio.cpp in Sources */ = {isa = PBXBuildFile; fileRef = 2E08D9DA1549F0C6006A6931 /* vf_audio.cpp */; };
		2E08D9E71549F0C6006A6931 /* vf_bzip2.c in Sources */ = {isa = PBXBuildFile; fileRef = 2E08D9DB1549F0C6006A6931 /* vf_bzip2.c */; };
		2E08D9E81549F0C6006A6931 /* vf_concurrent.cpp in Sources */ = {isa = PBXBuildFile; fileRef = 2E08D9DC1549F0C6006A6931 /* vf_concurrent.cpp */; };
		2E08D9E91549F0C6006A6931 /* vf_core.cpp in Sources */ = {isa = PBXBuildFile; fileRef = 2E08D9DD1549F0C6006A6931 /* vf_core.cpp */; };
		2E08D9EA1549F0C6006A6931 /* vf_db.cpp in Sources */ = {isa = PBXBuildFile; fileRef = 2E08D9DE1549F0C6006A6931 /* vf_db.cpp */; };
		2E08D9EB1549F0C6006A6931 /* vf_deprecated.cpp in Sources */ = {isa = PBXBuildFile; fileRef = 2E08D9DF1549F0C6006A6931 /* vf_deprecated.cpp */; };
		2E08D9EC1549F0C6006A6931 /* vf_freetype.c in Sources */ = {isa = PBXBuildFile; fileRef = 2E08D9E01549F0C6006A6931 /* vf_freetype.c */; };
		2E08D9ED1549F0C6006A6931 /* vf_gui.cpp in Sources */ = {isa = PBXBuildFile; fileRef = 2E08D9E11549F0C6006A6931 /* vf_gui.cpp */; };
		2E08D9EF1549F0C6006A6931 /* vf_luabridge.cpp in Sources */ = {isa = PBXBuildFile; fileRef = 2E08D9E31549F0C6006A6931 /* vf_luabridge.cpp */; };
		2E08D9F01549F0C6006A6931 /* vf_sqlite.c in Sources */ = {isa = PBXBuildFile; fileRef = 2E08D9E41549F0C6006A6931 /* vf_sqlite.c */; };
		2E08D9F11549F0C6006A6931 /* vf_taglib.cpp in Sources */ = {isa = PBXBuildFile; fileRef = 2E08D9E51549F0C6006A6931 /* vf_taglib.cpp */; };
		2E915CD81575228C00929EBA /* vf_audio.cpp in Sources */ = {isa = PBXBuildFile; fileRef = 2E08D9DA1549F0C6006A6931 /* vf_audio.cpp */; };
		2E915CD91575228C00929EBA /* vf_bzip2.c in Sources */ = {isa = PBXBuildFile; fileRef = 2E08D9DB1549F0C6006A6931 /* vf_bzip2.c */; };
		2E915CDA1575228C00929EBA /* vf_concurrent.cpp in Sources */ = {isa = PBXBuildFile; fileRef = 2E08D9DC1549F0C6006A6931 /* vf_concurrent.cpp */; };
		2E915CDB1575228C00929EBA /* vf_core.cpp in Sources */ = {isa = PBXBuildFile; fileRef = 2E08D9DD1549F0C6006A6931 /* vf_core.cpp */; };
		2E915CDC1575228C00929EBA /* vf_db.cpp in Sources */ = {isa = PBXBuildFile; fileRef = 2E08D9DE1549F0C6006A6931 /* vf_db.cpp */; };
		2E915CDD1575228C00929EBA /* vf_deprecated.cpp in Sources */ = {isa = PBXBuildFile; fileRef = 2E08D9DF1549F0C6006A6931 /* vf_deprecated.cpp */; };
		2E915CDE1575228C00929EBA /* vf_freetype.c in Sources */ = {isa = PBXBuildFile; fileRef = 2E08D9E01549F0C6006A6931 /* vf_freetype.c */; };
		2E915CDF1575228C00929EBA /* vf_gui.cpp in Sources */ = {isa = PBXBuildFile; fileRef = 2E08D9E11549F0C6006A6931 /* vf_gui.cpp */; };
		2E915CE01575228C00929EBA /* vf_luabridge.cpp in Sources */ = {isa = PBXBuildFile; fileRef = 2E08D9E31549F0C6006A6931 /* vf_luabridge.cpp */; };
		2E915CE11575228C00929EBA /* vf_sqlite.c in Sources */ = {isa = PBXBuildFile; fileRef = 2E08D9E41549F0C6006A6931 /* vf_sqlite.c */; };
		2E915CE21575228C00929EBA /* vf_taglib.cpp in Sources */ = {isa = PBXBuildFile; fileRef = 2E08D9E51549F0C6006A6931 /* vf_taglib.cpp */; };
		2E915CE41575228C00929EBA /* Cocoa.framework in Frameworks */ = {isa = PBXBuildFile; fileRef = 2E08D9C21549EF2E006A6931 /* Cocoa.framework */; };
		2E915CEC1575229D00929EBA /* vf_audio.cpp in Sources */ = {isa = PBXBuildFile; fileRef = 2E08D9DA1549F0C6006A6931 /* vf_audio.cpp */; };
		2E915CED1575229D00929EBA /* vf_bzip2.c in Sources */ = {isa = PBXBuildFile; fileRef = 2E08D9DB1549F0C6006A6931 /* vf_bzip2.c */; };
		2E915CEE1575229D00929EBA /* vf_concurrent.cpp in Sources */ = {isa = PBXBuildFile; fileRef = 2E08D9DC1549F0C6006A6931 /* vf_concurrent.cpp */; };
		2E915CEF1575229D00929EBA /* vf_core.cpp in Sources */ = {isa = PBXBuildFile; fileRef = 2E08D9DD1549F0C6006A6931 /* vf_core.cpp */; };
		2E915CF01575229D00929EBA /* vf_db.cpp in Sources */ = {isa = PBXBuildFile; fileRef = 2E08D9DE1549F0C6006A6931 /* vf_db.cpp */; };
		2E915CF11575229D00929EBA /* vf_deprecated.cpp in Sources */ = {isa = PBXBuildFile; fileRef = 2E08D9DF1549F0C6006A6931 /* vf_deprecated.cpp */; };
		2E915CF21575229D00929EBA /* vf_freetype.c in Sources */ = {isa = PBXBuildFile; fileRef = 2E08D9E01549F0C6006A6931 /* vf_freetype.c */; };
		2E915CF31575229D00929EBA /* vf_gui.cpp in Sources */ = {isa = PBXBuildFile; fileRef = 2E08D9E11549F0C6006A6931 /* vf_gui.cpp */; };
		2E915CF41575229D00929EBA /* vf_luabridge.cpp in Sources */ = {isa = PBXBuildFile; fileRef = 2E08D9E31549F0C6006A6931 /* vf_luabridge.cpp */; };
		2E915CF51575229D00929EBA /* vf_sqlite.c in Sources */ = {isa = PBXBuildFile; fileRef = 2E08D9E41549F0C6006A6931 /* vf_sqlite.c */; };
		2E915CF61575229D00929EBA /* vf_taglib.cpp in Sources */ = {isa = PBXBuildFile; fileRef = 2E08D9E51549F0C6006A6931 /* vf_taglib.cpp */; };
		2E915CF81575229D00929EBA /* Cocoa.framework in Frameworks */ = {isa = PBXBuildFile; fileRef = 2E08D9C21549EF2E006A6931 /* Cocoa.framework */; };
		2E915D01157522A900929EBA /* vf_audio.cpp in Sources */ = {isa = PBXBuildFile; fileRef = 2E08D9DA1549F0C6006A6931 /* vf_audio.cpp */; };
		2E915D02157522A900929EBA /* vf_bzip2.c in Sources */ = {isa = PBXBuildFile; fileRef = 2E08D9DB1549F0C6006A6931 /* vf_bzip2.c */; };
		2E915D03157522A900929EBA /* vf_concurrent.cpp in Sources */ = {isa = PBXBuildFile; fileRef = 2E08D9DC1549F0C6006A6931 /* vf_concurrent.cpp */; };
		2E915D04157522A900929EBA /* vf_core.cpp in Sources */ = {isa = PBXBuildFile; fileRef = 2E08D9DD1549F0C6006A6931 /* vf_core.cpp */; };
		2E915D05157522A900929EBA /* vf_db.cpp in Sources */ = {isa = PBXBuildFile; fileRef = 2E08D9DE1549F0C6006A6931 /* vf_db.cpp */; };
		2E915D06157522A900929EBA /* vf_deprecated.cpp in Sources */ = {isa = PBXBuildFile; fileRef = 2E08D9DF1549F0C6006A6931 /* vf_deprecated.cpp */; };
		2E915D07157522A900929EBA /* vf_freetype.c in Sources */ = {isa = PBXBuildFile; fileRef = 2E08D9E01549F0C6006A6931 /* vf_freetype.c */; };
		2E915D08157522A900929EBA /* vf_gui.cpp in Sources */ = {isa = PBXBuildFile; fileRef = 2E08D9E11549F0C6006A6931 /* vf_gui.cpp */; };
		2E915D09157522A900929EBA /* vf_luabridge.cpp in Sources */ = {isa = PBXBuildFile; fileRef = 2E08D9E31549F0C6006A6931 /* vf_luabridge.cpp */; };
		2E915D0A157522A900929EBA /* vf_sqlite.c in Sources */ = {isa = PBXBuildFile; fileRef = 2E08D9E41549F0C6006A6931 /* vf_sqlite.c */; };
		2E915D0B157522A900929EBA /* vf_taglib.cpp in Sources */ = {isa = PBXBuildFile; fileRef = 2E08D9E51549F0C6006A6931 /* vf_taglib.cpp */; };
		2E915D0D157522A900929EBA /* Cocoa.framework in Frameworks */ = {isa = PBXBuildFile; fileRef = 2E08D9C21549EF2E006A6931 /* Cocoa.framework */; };
/* End PBXBuildFile section */

/* Begin PBXFileReference section */
		2E08D9BF1549EF2E006A6931 /* libVFLib OSX Apple.a */ = {isa = PBXFileReference; explicitFileType = archive.ar; includeInIndex = 0; path = "libVFLib OSX Apple.a"; sourceTree = BUILT_PRODUCTS_DIR; };
		2E08D9C21549EF2E006A6931 /* Cocoa.framework */ = {isa = PBXFileReference; lastKnownFileType = wrapper.framework; name = Cocoa.framework; path = System/Library/Frameworks/Cocoa.framework; sourceTree = SDKROOT; };
		2E08D9C51549EF2E006A6931 /* AppKit.framework */ = {isa = PBXFileReference; lastKnownFileType = wrapper.framework; name = AppKit.framework; path = System/Library/Frameworks/AppKit.framework; sourceTree = SDKROOT; };
		2E08D9C61549EF2E006A6931 /* CoreData.framework */ = {isa = PBXFileReference; lastKnownFileType = wrapper.framework; name = CoreData.framework; path = System/Library/Frameworks/CoreData.framework; sourceTree = SDKROOT; };
		2E08D9C71549EF2E006A6931 /* Foundation.framework */ = {isa = PBXFileReference; lastKnownFileType = wrapper.framework; name = Foundation.framework; path = System/Library/Frameworks/Foundation.framework; sourceTree = SDKROOT; };
		2E08D9DA1549F0C6006A6931 /* vf_audio.cpp */ = {isa = PBXFileReference; fileEncoding = 4; lastKnownFileType = sourcecode.cpp.cpp; name = vf_audio.cpp; path = ../../modules/vf_audio/vf_audio.cpp; sourceTree = "<group>"; };
		2E08D9DB1549F0C6006A6931 /* vf_bzip2.c */ = {isa = PBXFileReference; fileEncoding = 4; lastKnownFileType = sourcecode.c.c; name = vf_bzip2.c; path = ../../modules/vf_bzip2/vf_bzip2.c; sourceTree = "<group>"; };
		2E08D9DC1549F0C6006A6931 /* vf_concurrent.cpp */ = {isa = PBXFileReference; fileEncoding = 4; lastKnownFileType = sourcecode.cpp.cpp; name = vf_concurrent.cpp; path = ../../modules/vf_concurrent/vf_concurrent.cpp; sourceTree = "<group>"; };
		2E08D9DD1549F0C6006A6931 /* vf_core.cpp */ = {isa = PBXFileReference; fileEncoding = 4; lastKnownFileType = sourcecode.cpp.cpp; name = vf_core.cpp; path = ../../modules/vf_core/vf_core.cpp; sourceTree = "<group>"; };
		2E08D9DE1549F0C6006A6931 /* vf_db.cpp */ = {isa = PBXFileReference; fileEncoding = 4; lastKnownFileType = sourcecode.cpp.cpp; name = vf_db.cpp; path = ../../modules/vf_db/vf_db.cpp; sourceTree = "<group>"; };
		2E08D9DF1549F0C6006A6931 /* vf_deprecated.cpp */ = {isa = PBXFileReference; fileEncoding = 4; lastKnownFileType = sourcecode.cpp.cpp; name = vf_deprecated.cpp; path = ../../modules/vf_deprecated/vf_deprecated.cpp; sourceTree = "<group>"; };
		2E08D9E01549F0C6006A6931 /* vf_freetype.c */ = {isa = PBXFileReference; fileEncoding = 4; lastKnownFileType = sourcecode.c.c; name = vf_freetype.c; path = ../../modules/vf_freetype/vf_freetype.c; sourceTree = "<group>"; };
		2E08D9E11549F0C6006A6931 /* vf_gui.cpp */ = {isa = PBXFileReference; fileEncoding = 4; lastKnownFileType = sourcecode.cpp.cpp; name = vf_gui.cpp; path = ../../modules/vf_gui/vf_gui.cpp; sourceTree = "<group>"; };
		2E08D9E31549F0C6006A6931 /* vf_luabridge.cpp */ = {isa = PBXFileReference; fileEncoding = 4; lastKnownFileType = sourcecode.cpp.cpp; name = vf_luabridge.cpp; path = ../../modules/vf_luabridge/vf_luabridge.cpp; sourceTree = "<group>"; };
		2E08D9E41549F0C6006A6931 /* vf_sqlite.c */ = {isa = PBXFileReference; fileEncoding = 4; lastKnownFileType = sourcecode.c.c; name = vf_sqlite.c; path = ../../modules/vf_sqlite/vf_sqlite.c; sourceTree = "<group>"; };
		2E08D9E51549F0C6006A6931 /* vf_taglib.cpp */ = {isa = PBXFileReference; fileEncoding = 4; lastKnownFileType = sourcecode.cpp.cpp; name = vf_taglib.cpp; path = ../../modules/vf_taglib/vf_taglib.cpp; sourceTree = "<group>"; };
		2E84C4391549F72A006923F8 /* modules */ = {isa = PBXFileReference; lastKnownFileType = folder; name = modules; path = ../../modules; sourceTree = "<group>"; };
		2E915CE91575228C00929EBA /* libVFLib OSX Apple copy.a */ = {isa = PBXFileReference; explicitFileType = archive.ar; includeInIndex = 0; path = "libVFLib OSX Apple copy.a"; sourceTree = BUILT_PRODUCTS_DIR; };
		2E915CFD1575229D00929EBA /* libVFLib iOS Apple-iPad.a */ = {isa = PBXFileReference; explicitFileType = archive.ar; includeInIndex = 0; path = "libVFLib iOS Apple-iPad.a"; sourceTree = BUILT_PRODUCTS_DIR; };
		2E915D12157522A900929EBA /* libVFLib iOS Apple copy.a */ = {isa = PBXFileReference; explicitFileType = archive.ar; includeInIndex = 0; path = "libVFLib iOS Apple copy.a"; sourceTree = BUILT_PRODUCTS_DIR; };
/* End PBXFileReference section */

/* Begin PBXFrameworksBuildPhase section */
		2E08D9BC1549EF2E006A6931 /* Frameworks */ = {
			isa = PBXFrameworksBuildPhase;
			buildActionMask = 2147483647;
			files = (
				2E08D9C31549EF2E006A6931 /* Cocoa.framework in Frameworks */,
			);
			runOnlyForDeploymentPostprocessing = 0;
		};
		2E915CE31575228C00929EBA /* Frameworks */ = {
			isa = PBXFrameworksBuildPhase;
			buildActionMask = 2147483647;
			files = (
				2E915CE41575228C00929EBA /* Cocoa.framework in Frameworks */,
			);
			runOnlyForDeploymentPostprocessing = 0;
		};
		2E915CF71575229D00929EBA /* Frameworks */ = {
			isa = PBXFrameworksBuildPhase;
			buildActionMask = 2147483647;
			files = (
				2E915CF81575229D00929EBA /* Cocoa.framework in Frameworks */,
			);
			runOnlyForDeploymentPostprocessing = 0;
		};
		2E915D0C157522A900929EBA /* Frameworks */ = {
			isa = PBXFrameworksBuildPhase;
			buildActionMask = 2147483647;
			files = (
				2E915D0D157522A900929EBA /* Cocoa.framework in Frameworks */,
			);
			runOnlyForDeploymentPostprocessing = 0;
		};
/* End PBXFrameworksBuildPhase section */

/* Begin PBXGroup section */
		2E08D9B41549EF2E006A6931 = {
			isa = PBXGroup;
			children = (
				2E915CFE1575229D00929EBA /* Resources-iPad */,
				2E84C4391549F72A006923F8 /* modules */,
				2E08D9D81549F053006A6931 /* VFLib Modules */,
				2E08D9C11549EF2E006A6931 /* Frameworks */,
				2E08D9C01549EF2E006A6931 /* Products */,
			);
			sourceTree = "<group>";
		};
		2E08D9C01549EF2E006A6931 /* Products */ = {
			isa = PBXGroup;
			children = (
				2E08D9BF1549EF2E006A6931 /* libVFLib OSX Apple.a */,
				2E915CE91575228C00929EBA /* libVFLib OSX Apple copy.a */,
				2E915CFD1575229D00929EBA /* libVFLib iOS Apple-iPad.a */,
				2E915D12157522A900929EBA /* libVFLib iOS Apple copy.a */,
			);
			name = Products;
			sourceTree = "<group>";
		};
		2E08D9C11549EF2E006A6931 /* Frameworks */ = {
			isa = PBXGroup;
			children = (
				2E08D9C51549EF2E006A6931 /* AppKit.framework */,
				2E08D9C61549EF2E006A6931 /* CoreData.framework */,
				2E08D9C71549EF2E006A6931 /* Foundation.framework */,
				2E08D9C21549EF2E006A6931 /* Cocoa.framework */,
			);
			name = Frameworks;
			sourceTree = "<group>";
		};
		2E08D9D81549F053006A6931 /* VFLib Modules */ = {
			isa = PBXGroup;
			children = (
				2E08D9DA1549F0C6006A6931 /* vf_audio.cpp */,
				2E08D9DB1549F0C6006A6931 /* vf_bzip2.c */,
				2E08D9DC1549F0C6006A6931 /* vf_concurrent.cpp */,
				2E08D9DD1549F0C6006A6931 /* vf_core.cpp */,
				2E08D9DE1549F0C6006A6931 /* vf_db.cpp */,
				2E08D9DF1549F0C6006A6931 /* vf_deprecated.cpp */,
				2E08D9E01549F0C6006A6931 /* vf_freetype.c */,
				2E08D9E11549F0C6006A6931 /* vf_gui.cpp */,
				2E08D9E31549F0C6006A6931 /* vf_luabridge.cpp */,
				2E08D9E41549F0C6006A6931 /* vf_sqlite.c */,
				2E08D9E51549F0C6006A6931 /* vf_taglib.cpp */,
			);
			name = "VFLib Modules";
			sourceTree = "<group>";
		};
		2E915CFE1575229D00929EBA /* Resources-iPad */ = {
			isa = PBXGroup;
			children = (
			);
			name = "Resources-iPad";
			sourceTree = "<group>";
		};
/* End PBXGroup section */

/* Begin PBXHeadersBuildPhase section */
		2E08D9BD1549EF2E006A6931 /* Headers */ = {
			isa = PBXHeadersBuildPhase;
			buildActionMask = 2147483647;
			files = (
			);
			runOnlyForDeploymentPostprocessing = 0;
		};
		2E915CE51575228C00929EBA /* Headers */ = {
			isa = PBXHeadersBuildPhase;
			buildActionMask = 2147483647;
			files = (
			);
			runOnlyForDeploymentPostprocessing = 0;
		};
		2E915CF91575229D00929EBA /* Headers */ = {
			isa = PBXHeadersBuildPhase;
			buildActionMask = 2147483647;
			files = (
			);
			runOnlyForDeploymentPostprocessing = 0;
		};
		2E915D0E157522A900929EBA /* Headers */ = {
			isa = PBXHeadersBuildPhase;
			buildActionMask = 2147483647;
			files = (
			);
			runOnlyForDeploymentPostprocessing = 0;
		};
/* End PBXHeadersBuildPhase section */

/* Begin PBXNativeTarget section */
		2E08D9BE1549EF2E006A6931 /* VFLib OSX Apple */ = {
			isa = PBXNativeTarget;
			buildConfigurationList = 2E08D9D01549EF2E006A6931 /* Build configuration list for PBXNativeTarget "VFLib OSX Apple" */;
			buildPhases = (
				2E08D9BB1549EF2E006A6931 /* Sources */,
				2E08D9BC1549EF2E006A6931 /* Frameworks */,
				2E08D9BD1549EF2E006A6931 /* Headers */,
			);
			buildRules = (
			);
			dependencies = (
			);
			name = "VFLib OSX Apple";
			productName = VFLib;
			productReference = 2E08D9BF1549EF2E006A6931 /* libVFLib OSX Apple.a */;
			productType = "com.apple.product-type.library.static";
		};
		2E915CD61575228C00929EBA /* VFLib OSX GCC */ = {
			isa = PBXNativeTarget;
			buildConfigurationList = 2E915CE61575228C00929EBA /* Build configuration list for PBXNativeTarget "VFLib OSX GCC" */;
			buildPhases = (
				2E915CD71575228C00929EBA /* Sources */,
				2E915CE31575228C00929EBA /* Frameworks */,
				2E915CE51575228C00929EBA /* Headers */,
			);
			buildRules = (
			);
			dependencies = (
			);
			name = "VFLib OSX GCC";
			productName = VFLib;
			productReference = 2E915CE91575228C00929EBA /* libVFLib OSX Apple copy.a */;
			productType = "com.apple.product-type.library.static";
		};
		2E915CEA1575229D00929EBA /* VFLib iOS Apple */ = {
			isa = PBXNativeTarget;
			buildConfigurationList = 2E915CFA1575229D00929EBA /* Build configuration list for PBXNativeTarget "VFLib iOS Apple" */;
			buildPhases = (
				2E915CEB1575229D00929EBA /* Sources */,
				2E915CF71575229D00929EBA /* Frameworks */,
				2E915CF91575229D00929EBA /* Headers */,
			);
			buildRules = (
			);
			dependencies = (
			);
			name = "VFLib iOS Apple";
			productName = VFLib;
			productReference = 2E915CFD1575229D00929EBA /* libVFLib iOS Apple-iPad.a */;
			productType = "com.apple.product-type.library.static";
		};
		2E915CFF157522A900929EBA /* VFLib iOS GCC */ = {
			isa = PBXNativeTarget;
			buildConfigurationList = 2E915D0F157522A900929EBA /* Build configuration list for PBXNativeTarget "VFLib iOS GCC" */;
			buildPhases = (
				2E915D00157522A900929EBA /* Sources */,
				2E915D0C157522A900929EBA /* Frameworks */,
				2E915D0E157522A900929EBA /* Headers */,
			);
			buildRules = (
			);
			dependencies = (
			);
			name = "VFLib iOS GCC";
			productName = VFLib;
			productReference = 2E915D12157522A900929EBA /* libVFLib iOS Apple copy.a */;
			productType = "com.apple.product-type.library.static";
		};
/* End PBXNativeTarget section */

/* Begin PBXProject section */
		2E08D9B61549EF2E006A6931 /* Project object */ = {
			isa = PBXProject;
			attributes = {
				LastUpgradeCheck = 0430;
				ORGANIZATIONNAME = "One Guy Group, Inc.";
			};
			buildConfigurationList = 2E08D9B91549EF2E006A6931 /* Build configuration list for PBXProject "VFLib" */;
			compatibilityVersion = "Xcode 3.2";
			developmentRegion = English;
			hasScannedForEncodings = 0;
			knownRegions = (
				en,
			);
			mainGroup = 2E08D9B41549EF2E006A6931;
			productRefGroup = 2E08D9C01549EF2E006A6931 /* Products */;
			projectDirPath = "";
			projectRoot = "";
			targets = (
				2E08D9BE1549EF2E006A6931 /* VFLib OSX Apple */,
				2E915CD61575228C00929EBA /* VFLib OSX GCC */,
				2E915CEA1575229D00929EBA /* VFLib iOS Apple */,
				2E915CFF157522A900929EBA /* VFLib iOS GCC */,
			);
		};
/* End PBXProject section */

/* Begin PBXSourcesBuildPhase section */
		2E08D9BB1549EF2E006A6931 /* Sources */ = {
			isa = PBXSourcesBuildPhase;
			buildActionMask = 2147483647;
			files = (
				2E08D9E61549F0C6006A6931 /* vf_audio.cpp in Sources */,
				2E08D9E71549F0C6006A6931 /* vf_bzip2.c in Sources */,
				2E08D9E81549F0C6006A6931 /* vf_concurrent.cpp in Sources */,
				2E08D9E91549F0C6006A6931 /* vf_core.cpp in Sources */,
				2E08D9EA1549F0C6006A6931 /* vf_db.cpp in Sources */,
				2E08D9EB1549F0C6006A6931 /* vf_deprecated.cpp in Sources */,
				2E08D9EC1549F0C6006A6931 /* vf_freetype.c in Sources */,
				2E08D9ED1549F0C6006A6931 /* vf_gui.cpp in Sources */,
				2E08D9EF1549F0C6006A6931 /* vf_luabridge.cpp in Sources */,
				2E08D9F01549F0C6006A6931 /* vf_sqlite.c in Sources */,
				2E08D9F11549F0C6006A6931 /* vf_taglib.cpp in Sources */,
			);
			runOnlyForDeploymentPostprocessing = 0;
		};
		2E915CD71575228C00929EBA /* Sources */ = {
			isa = PBXSourcesBuildPhase;
			buildActionMask = 2147483647;
			files = (
				2E915CD81575228C00929EBA /* vf_audio.cpp in Sources */,
				2E915CD91575228C00929EBA /* vf_bzip2.c in Sources */,
				2E915CDA1575228C00929EBA /* vf_concurrent.cpp in Sources */,
				2E915CDB1575228C00929EBA /* vf_core.cpp in Sources */,
				2E915CDC1575228C00929EBA /* vf_db.cpp in Sources */,
				2E915CDD1575228C00929EBA /* vf_deprecated.cpp in Sources */,
				2E915CDE1575228C00929EBA /* vf_freetype.c in Sources */,
				2E915CDF1575228C00929EBA /* vf_gui.cpp in Sources */,
				2E915CE01575228C00929EBA /* vf_luabridge.cpp in Sources */,
				2E915CE11575228C00929EBA /* vf_sqlite.c in Sources */,
				2E915CE21575228C00929EBA /* vf_taglib.cpp in Sources */,
			);
			runOnlyForDeploymentPostprocessing = 0;
		};
		2E915CEB1575229D00929EBA /* Sources */ = {
			isa = PBXSourcesBuildPhase;
			buildActionMask = 2147483647;
			files = (
				2E915CEC1575229D00929EBA /* vf_audio.cpp in Sources */,
				2E915CED1575229D00929EBA /* vf_bzip2.c in Sources */,
				2E915CEE1575229D00929EBA /* vf_concurrent.cpp in Sources */,
				2E915CEF1575229D00929EBA /* vf_core.cpp in Sources */,
				2E915CF01575229D00929EBA /* vf_db.cpp in Sources */,
				2E915CF11575229D00929EBA /* vf_deprecated.cpp in Sources */,
				2E915CF21575229D00929EBA /* vf_freetype.c in Sources */,
				2E915CF31575229D00929EBA /* vf_gui.cpp in Sources */,
				2E915CF41575229D00929EBA /* vf_luabridge.cpp in Sources */,
				2E915CF51575229D00929EBA /* vf_sqlite.c in Sources */,
				2E915CF61575229D00929EBA /* vf_taglib.cpp in Sources */,
			);
			runOnlyForDeploymentPostprocessing = 0;
		};
		2E915D00157522A900929EBA /* Sources */ = {
			isa = PBXSourcesBuildPhase;
			buildActionMask = 2147483647;
			files = (
				2E915D01157522A900929EBA /* vf_audio.cpp in Sources */,
				2E915D02157522A900929EBA /* vf_bzip2.c in Sources */,
				2E915D03157522A900929EBA /* vf_concurrent.cpp in Sources */,
				2E915D04157522A900929EBA /* vf_core.cpp in Sources */,
				2E915D05157522A900929EBA /* vf_db.cpp in Sources */,
				2E915D06157522A900929EBA /* vf_deprecated.cpp in Sources */,
				2E915D07157522A900929EBA /* vf_freetype.c in Sources */,
				2E915D08157522A900929EBA /* vf_gui.cpp in Sources */,
				2E915D09157522A900929EBA /* vf_luabridge.cpp in Sources */,
				2E915D0A157522A900929EBA /* vf_sqlite.c in Sources */,
				2E915D0B157522A900929EBA /* vf_taglib.cpp in Sources */,
			);
			runOnlyForDeploymentPostprocessing = 0;
		};
/* End PBXSourcesBuildPhase section */

/* Begin XCBuildConfiguration section */
		2E08D9CE1549EF2E006A6931 /* Debug */ = {
			isa = XCBuildConfiguration;
			buildSettings = {
				ALWAYS_SEARCH_USER_PATHS = NO;
				ARCHS = "$(ARCHS_STANDARD_64_BIT)";
				COPY_PHASE_STRIP = NO;
				GCC_C_LANGUAGE_STANDARD = gnu99;
				GCC_DYNAMIC_NO_PIC = NO;
				GCC_ENABLE_OBJC_EXCEPTIONS = YES;
				GCC_OPTIMIZATION_LEVEL = 0;
				GCC_PREPROCESSOR_DEFINITIONS = (
					"DEBUG=1",
					"$(inherited)",
				);
				GCC_SYMBOLS_PRIVATE_EXTERN = NO;
				GCC_VERSION = com.apple.compilers.llvm.clang.1_0;
				GCC_WARN_64_TO_32_BIT_CONVERSION = YES;
				GCC_WARN_ABOUT_RETURN_TYPE = YES;
				GCC_WARN_UNINITIALIZED_AUTOS = YES;
				GCC_WARN_UNUSED_VARIABLE = YES;
				MACOSX_DEPLOYMENT_TARGET = 10.7;
				ONLY_ACTIVE_ARCH = NO;
				SDKROOT = macosx;
				USER_HEADER_SEARCH_PATHS = "../../AppConfigTemplate/** ../../../JUCE/**";
			};
			name = Debug;
		};
		2E08D9CF1549EF2E006A6931 /* Release */ = {
			isa = XCBuildConfiguration;
			buildSettings = {
				ALWAYS_SEARCH_USER_PATHS = NO;
				ARCHS = "$(ARCHS_STANDARD_64_BIT)";
				COPY_PHASE_STRIP = YES;
				DEBUG_INFORMATION_FORMAT = "dwarf-with-dsym";
				GCC_C_LANGUAGE_STANDARD = gnu99;
				GCC_ENABLE_OBJC_EXCEPTIONS = YES;
				GCC_VERSION = com.apple.compilers.llvm.clang.1_0;
				GCC_WARN_64_TO_32_BIT_CONVERSION = YES;
				GCC_WARN_ABOUT_RETURN_TYPE = YES;
				GCC_WARN_UNINITIALIZED_AUTOS = YES;
				GCC_WARN_UNUSED_VARIABLE = YES;
				MACOSX_DEPLOYMENT_TARGET = 10.7;
				SDKROOT = macosx;
				USER_HEADER_SEARCH_PATHS = "../../AppConfigTemplate/** ../../../JUCE/**";
			};
			name = Release;
		};
		2E08D9D11549EF2E006A6931 /* Debug */ = {
			isa = XCBuildConfiguration;
			buildSettings = {
				ARCHS = "$(ARCHS_STANDARD_32_64_BIT)";
				PRODUCT_NAME = "$(TARGET_NAME)";
			};
			name = Debug;
		};
		2E08D9D21549EF2E006A6931 /* Release */ = {
			isa = XCBuildConfiguration;
			buildSettings = {
				ARCHS = "$(ARCHS_STANDARD_32_64_BIT)";
				PRODUCT_NAME = "$(TARGET_NAME)";
			};
			name = Release;
		};
		2E915CE71575228C00929EBA /* Debug */ = {
			isa = XCBuildConfiguration;
			buildSettings = {
				ARCHS = "$(ARCHS_STANDARD_32_64_BIT)";
				PRODUCT_NAME = "VFLib OSX Apple copy";
			};
			name = Debug;
		};
		2E915CE81575228C00929EBA /* Release */ = {
			isa = XCBuildConfiguration;
			buildSettings = {
				ARCHS = "$(ARCHS_STANDARD_32_64_BIT)";
				PRODUCT_NAME = "VFLib OSX Apple copy";
			};
			name = Release;
		};
		2E915CFB1575229D00929EBA /* Debug */ = {
			isa = XCBuildConfiguration;
			buildSettings = {
				ARCHS = "$(ARCHS_STANDARD_32_64_BIT)";
				IPHONEOS_DEPLOYMENT_TARGET = 5.1;
				PRODUCT_NAME = "VFLib iOS Apple-iPad";
				SDKROOT = iphoneos;
				TARGETED_DEVICE_FAMILY = 2;
			};
			name = Debug;
		};
		2E915CFC1575229D00929EBA /* Release */ = {
			isa = XCBuildConfiguration;
			buildSettings = {
				ARCHS = "$(ARCHS_STANDARD_32_64_BIT)";
				IPHONEOS_DEPLOYMENT_TARGET = 5.1;
				PRODUCT_NAME = "VFLib iOS Apple-iPad";
				SDKROOT = iphoneos;
				TARGETED_DEVICE_FAMILY = 2;
			};
			name = Release;
		};
		2E915D10157522A900929EBA /* Debug */ = {
			isa = XCBuildConfiguration;
			buildSettings = {
				ARCHS = "$(ARCHS_STANDARD_32_64_BIT)";
				IPHONEOS_DEPLOYMENT_TARGET = 5.1;
				PRODUCT_NAME = "VFLib iOS Apple copy";
				SDKROOT = iphoneos;
				TARGETED_DEVICE_FAMILY = 2;
			};
			name = Debug;
		};
		2E915D11157522A900929EBA /* Release */ = {
			isa = XCBuildConfiguration;
			buildSettings = {
				ARCHS = "$(ARCHS_STANDARD_32_64_BIT)";
				IPHONEOS_DEPLOYMENT_TARGET = 5.1;
				PRODUCT_NAME = "VFLib iOS Apple copy";
				SDKROOT = iphoneos;
				TARGETED_DEVICE_FAMILY = 2;
			};
			name = Release;
		};
/* End XCBuildConfiguration section */

/* Begin XCConfigurationList section */
		2E08D9B91549EF2E006A6931 /* Build configuration list for PBXProject "VFLib" */ = {
			isa = XCConfigurationList;
			buildConfigurations = (
				2E08D9CE1549EF2E006A6931 /* Debug */,
				2E08D9CF1549EF2E006A6931 /* Release */,
			);
			defaultConfigurationIsVisible = 0;
			defaultConfigurationName = Release;
		};
		2E08D9D01549EF2E006A6931 /* Build configuration list for PBXNativeTarget "VFLib OSX Apple" */ = {
			isa = XCConfigurationList;
			buildConfigurations = (
				2E08D9D11549EF2E006A6931 /* Debug */,
				2E08D9D21549EF2E006A6931 /* Release */,
			);
			defaultConfigurationIsVisible = 0;
			defaultConfigurationName = Release;
		};
		2E915CE61575228C00929EBA /* Build configuration list for PBXNativeTarget "VFLib OSX GCC" */ = {
			isa = XCConfigurationList;
			buildConfigurations = (
				2E915CE71575228C00929EBA /* Debug */,
				2E915CE81575228C00929EBA /* Release */,
			);
			defaultConfigurationIsVisible = 0;
			defaultConfigurationName = Release;
		};
		2E915CFA1575229D00929EBA /* Build configuration list for PBXNativeTarget "VFLib iOS Apple" */ = {
			isa = XCConfigurationList;
			buildConfigurations = (
				2E915CFB1575229D00929EBA /* Debug */,
				2E915CFC1575229D00929EBA /* Release */,
			);
			defaultConfigurationIsVisible = 0;
			defaultConfigurationName = Release;
		};
		2E915D0F157522A900929EBA /* Build configuration list for PBXNativeTarget "VFLib iOS GCC" */ = {
			isa = XCConfigurationList;
			buildConfigurations = (
				2E915D10157522A900929EBA /* Debug */,
				2E915D11157522A900929EBA /* Release */,
			);
			defaultConfigurationIsVisible = 0;
			defaultConfigurationName = Release;
		};
/* End XCConfigurationList section */
	};
	rootObject = 2E08D9B61549EF2E006A6931 /* Project object */;
}
